
Microsoft Visual Studio Solution File, Format Version 12.00
# Visual Studio Version 16
VisualStudioVersion = 16.0.28917.182
MinimumVisualStudioVersion = 10.0.40219.1
Project("{9A19103F-16F7-4668-BE54-9A1E7A4F7556}") = "Core3API", "Core3API\Core3API.csproj", "{A4C7BCB0-3982-4628-ACE9-763F48BCB1B3}"
EndProject
Project("{9A19103F-16F7-4668-BE54-9A1E7A4F7556}") = "Core22MVCIdentity", "Core22MVCIdentity\Core22MVCIdentity.csproj", "{B4A88D49-4D69-47DC-8178-BAF2CEF239A4}"
EndProject
Project("{9A19103F-16F7-4668-BE54-9A1E7A4F7556}") = "RazorLibraryTest", "RazorLibraryTest\RazorLibraryTest.csproj", "{6BF0AA72-0BF6-4775-BAA4-3F290F98E8EE}"
EndProject
Project("{9A19103F-16F7-4668-BE54-9A1E7A4F7556}") = "ClassLibrary1", "ClassLibrary1\ClassLibrary1.csproj", "{C387CA4C-CB63-444F-AFDB-564D9308A8EC}"
EndProject
Project("{9A19103F-16F7-4668-BE54-9A1E7A4F7556}") = "Core3MVC", "Core3MVC\Core3MVC.csproj", "{2C3A0331-6124-4C76-9F2B-8A2739DE5E82}"
EndProject
Project("{9A19103F-16F7-4668-BE54-9A1E7A4F7556}") = "Core30MVC", "Core30MVC\Core30MVC.csproj", "{B3797028-66AA-41F9-9708-B569E3C91E9A}"
EndProject
Project("{9A19103F-16F7-4668-BE54-9A1E7A4F7556}") = "Core22APITest", "Core22APITest\Core22APITest.csproj", "{87FFF765-FDE5-45B6-8293-A3E408076AF9}"
EndProject
Project("{9A19103F-16F7-4668-BE54-9A1E7A4F7556}") = "Core21API", "Core21API\Core21API.csproj", "{4D92AA06-47D5-4110-9E1C-3C4A300FFFED}"
EndProject
Project("{9A19103F-16F7-4668-BE54-9A1E7A4F7556}") = "Core22ApiSwaggerOdata", "Core22ApiSwaggerOdata\Core22ApiSwaggerOdata.csproj", "{C9F34AB4-5331-4726-9D0E-025518D007A0}"
EndProject
Project("{9A19103F-16F7-4668-BE54-9A1E7A4F7556}") = "Core31MVC", "Core31MVC\Core31MVC.csproj", "{239D9F64-BEEC-4B38-98E2-AD62F0B55F48}"
EndProject
Project("{9A19103F-16F7-4668-BE54-9A1E7A4F7556}") = "OData31Core", "OData31Core\OData31Core.csproj", "{F8B60281-181A-4681-9D04-A4B24CCF3947}"
EndProject
Project("{9A19103F-16F7-4668-BE54-9A1E7A4F7556}") = "Angular31CoreTest", "Angular31CoreTest\Angular31CoreTest.csproj", "{9121988F-9472-43DF-977E-8902FAD18A2E}"
EndProject
Project("{9A19103F-16F7-4668-BE54-9A1E7A4F7556}") = "CookieAuthentication", "CookieAuthentication\CookieAuthentication.csproj", "{C1232C12-32B8-4B1D-8BE4-14EA4E09AD87}"
EndProject
Project("{9A19103F-16F7-4668-BE54-9A1E7A4F7556}") = "ReactCore31", "ReactCore31\ReactCore31.csproj", "{7210B120-556A-487E-84DA-4BBE808A2382}"
EndProject
Project("{9A19103F-16F7-4668-BE54-9A1E7A4F7556}") = "Core31API", "Core31API\Core31API.csproj", "{BFB4C238-0E43-420F-9828-501068A56F64}"
EndProject
Project("{FAE04EC0-301F-11D3-BF4B-00C04F79EFBC}") = "RazorPagesCore31", "RazorPagesCore31\RazorPagesCore31.csproj", "{22C809AF-B39B-4090-BDC6-B36AC1FCC27E}"
EndProject
Project("{FAE04EC0-301F-11D3-BF4B-00C04F79EFBC}") = "xxx", "xxx\xxx.csproj", "{AD9505AF-AFA0-49AB-9643-3C29A0F46957}"
EndProject
Global
	GlobalSection(SolutionConfigurationPlatforms) = preSolution
		Debug|Any CPU = Debug|Any CPU
		Release|Any CPU = Release|Any CPU
	EndGlobalSection
	GlobalSection(ProjectConfigurationPlatforms) = postSolution
		{A4C7BCB0-3982-4628-ACE9-763F48BCB1B3}.Debug|Any CPU.ActiveCfg = Debug|Any CPU
		{A4C7BCB0-3982-4628-ACE9-763F48BCB1B3}.Debug|Any CPU.Build.0 = Debug|Any CPU
		{A4C7BCB0-3982-4628-ACE9-763F48BCB1B3}.Release|Any CPU.ActiveCfg = Release|Any CPU
		{A4C7BCB0-3982-4628-ACE9-763F48BCB1B3}.Release|Any CPU.Build.0 = Release|Any CPU
		{B4A88D49-4D69-47DC-8178-BAF2CEF239A4}.Debug|Any CPU.ActiveCfg = Debug|Any CPU
		{B4A88D49-4D69-47DC-8178-BAF2CEF239A4}.Debug|Any CPU.Build.0 = Debug|Any CPU
		{B4A88D49-4D69-47DC-8178-BAF2CEF239A4}.Release|Any CPU.ActiveCfg = Release|Any CPU
		{B4A88D49-4D69-47DC-8178-BAF2CEF239A4}.Release|Any CPU.Build.0 = Release|Any CPU
		{6BF0AA72-0BF6-4775-BAA4-3F290F98E8EE}.Debug|Any CPU.ActiveCfg = Debug|Any CPU
		{6BF0AA72-0BF6-4775-BAA4-3F290F98E8EE}.Debug|Any CPU.Build.0 = Debug|Any CPU
		{6BF0AA72-0BF6-4775-BAA4-3F290F98E8EE}.Release|Any CPU.ActiveCfg = Release|Any CPU
		{6BF0AA72-0BF6-4775-BAA4-3F290F98E8EE}.Release|Any CPU.Build.0 = Release|Any CPU
		{C387CA4C-CB63-444F-AFDB-564D9308A8EC}.Debug|Any CPU.ActiveCfg = Debug|Any CPU
		{C387CA4C-CB63-444F-AFDB-564D9308A8EC}.Debug|Any CPU.Build.0 = Debug|Any CPU
		{C387CA4C-CB63-444F-AFDB-564D9308A8EC}.Release|Any CPU.ActiveCfg = Release|Any CPU
		{C387CA4C-CB63-444F-AFDB-564D9308A8EC}.Release|Any CPU.Build.0 = Release|Any CPU
		{2C3A0331-6124-4C76-9F2B-8A2739DE5E82}.Debug|Any CPU.ActiveCfg = Debug|Any CPU
		{2C3A0331-6124-4C76-9F2B-8A2739DE5E82}.Debug|Any CPU.Build.0 = Debug|Any CPU
		{2C3A0331-6124-4C76-9F2B-8A2739DE5E82}.Release|Any CPU.ActiveCfg = Release|Any CPU
		{2C3A0331-6124-4C76-9F2B-8A2739DE5E82}.Release|Any CPU.Build.0 = Release|Any CPU
		{B3797028-66AA-41F9-9708-B569E3C91E9A}.Debug|Any CPU.ActiveCfg = Debug|Any CPU
		{B3797028-66AA-41F9-9708-B569E3C91E9A}.Debug|Any CPU.Build.0 = Debug|Any CPU
		{B3797028-66AA-41F9-9708-B569E3C91E9A}.Release|Any CPU.ActiveCfg = Release|Any CPU
		{B3797028-66AA-41F9-9708-B569E3C91E9A}.Release|Any CPU.Build.0 = Release|Any CPU
		{87FFF765-FDE5-45B6-8293-A3E408076AF9}.Debug|Any CPU.ActiveCfg = Debug|Any CPU
		{87FFF765-FDE5-45B6-8293-A3E408076AF9}.Debug|Any CPU.Build.0 = Debug|Any CPU
		{87FFF765-FDE5-45B6-8293-A3E408076AF9}.Release|Any CPU.ActiveCfg = Release|Any CPU
		{87FFF765-FDE5-45B6-8293-A3E408076AF9}.Release|Any CPU.Build.0 = Release|Any CPU
		{4D92AA06-47D5-4110-9E1C-3C4A300FFFED}.Debug|Any CPU.ActiveCfg = Debug|Any CPU
		{4D92AA06-47D5-4110-9E1C-3C4A300FFFED}.Debug|Any CPU.Build.0 = Debug|Any CPU
		{4D92AA06-47D5-4110-9E1C-3C4A300FFFED}.Release|Any CPU.ActiveCfg = Release|Any CPU
		{4D92AA06-47D5-4110-9E1C-3C4A300FFFED}.Release|Any CPU.Build.0 = Release|Any CPU
		{C9F34AB4-5331-4726-9D0E-025518D007A0}.Debug|Any CPU.ActiveCfg = Debug|Any CPU
		{C9F34AB4-5331-4726-9D0E-025518D007A0}.Debug|Any CPU.Build.0 = Debug|Any CPU
		{C9F34AB4-5331-4726-9D0E-025518D007A0}.Release|Any CPU.ActiveCfg = Release|Any CPU
		{C9F34AB4-5331-4726-9D0E-025518D007A0}.Release|Any CPU.Build.0 = Release|Any CPU
		{239D9F64-BEEC-4B38-98E2-AD62F0B55F48}.Debug|Any CPU.ActiveCfg = Debug|Any CPU
		{239D9F64-BEEC-4B38-98E2-AD62F0B55F48}.Debug|Any CPU.Build.0 = Debug|Any CPU
		{239D9F64-BEEC-4B38-98E2-AD62F0B55F48}.Release|Any CPU.ActiveCfg = Release|Any CPU
		{239D9F64-BEEC-4B38-98E2-AD62F0B55F48}.Release|Any CPU.Build.0 = Release|Any CPU
		{F8B60281-181A-4681-9D04-A4B24CCF3947}.Debug|Any CPU.ActiveCfg = Debug|Any CPU
		{F8B60281-181A-4681-9D04-A4B24CCF3947}.Debug|Any CPU.Build.0 = Debug|Any CPU
		{F8B60281-181A-4681-9D04-A4B24CCF3947}.Release|Any CPU.ActiveCfg = Release|Any CPU
		{F8B60281-181A-4681-9D04-A4B24CCF3947}.Release|Any CPU.Build.0 = Release|Any CPU
		{9121988F-9472-43DF-977E-8902FAD18A2E}.Debug|Any CPU.ActiveCfg = Debug|Any CPU
		{9121988F-9472-43DF-977E-8902FAD18A2E}.Debug|Any CPU.Build.0 = Debug|Any CPU
		{9121988F-9472-43DF-977E-8902FAD18A2E}.Release|Any CPU.ActiveCfg = Release|Any CPU
		{9121988F-9472-43DF-977E-8902FAD18A2E}.Release|Any CPU.Build.0 = Release|Any CPU
		{C1232C12-32B8-4B1D-8BE4-14EA4E09AD87}.Debug|Any CPU.ActiveCfg = Debug|Any CPU
		{C1232C12-32B8-4B1D-8BE4-14EA4E09AD87}.Debug|Any CPU.Build.0 = Debug|Any CPU
		{C1232C12-32B8-4B1D-8BE4-14EA4E09AD87}.Release|Any CPU.ActiveCfg = Release|Any CPU
		{C1232C12-32B8-4B1D-8BE4-14EA4E09AD87}.Release|Any CPU.Build.0 = Release|Any CPU
		{7210B120-556A-487E-84DA-4BBE808A2382}.Debug|Any CPU.ActiveCfg = Debug|Any CPU
		{7210B120-556A-487E-84DA-4BBE808A2382}.Debug|Any CPU.Build.0 = Debug|Any CPU
		{7210B120-556A-487E-84DA-4BBE808A2382}.Release|Any CPU.ActiveCfg = Release|Any CPU
		{7210B120-556A-487E-84DA-4BBE808A2382}.Release|Any CPU.Build.0 = Release|Any CPU
		{BFB4C238-0E43-420F-9828-501068A56F64}.Debug|Any CPU.ActiveCfg = Debug|Any CPU
		{BFB4C238-0E43-420F-9828-501068A56F64}.Debug|Any CPU.Build.0 = Debug|Any CPU
		{BFB4C238-0E43-420F-9828-501068A56F64}.Release|Any CPU.ActiveCfg = Release|Any CPU
		{BFB4C238-0E43-420F-9828-501068A56F64}.Release|Any CPU.Build.0 = Release|Any CPU
		{22C809AF-B39B-4090-BDC6-B36AC1FCC27E}.Debug|Any CPU.ActiveCfg = Debug|Any CPU
		{22C809AF-B39B-4090-BDC6-B36AC1FCC27E}.Debug|Any CPU.Build.0 = Debug|Any CPU
		{22C809AF-B39B-4090-BDC6-B36AC1FCC27E}.Release|Any CPU.ActiveCfg = Release|Any CPU
		{22C809AF-B39B-4090-BDC6-B36AC1FCC27E}.Release|Any CPU.Build.0 = Release|Any CPU
		{AD9505AF-AFA0-49AB-9643-3C29A0F46957}.Debug|Any CPU.ActiveCfg = Debug|Any CPU
		{AD9505AF-AFA0-49AB-9643-3C29A0F46957}.Debug|Any CPU.Build.0 = Debug|Any CPU
		{AD9505AF-AFA0-49AB-9643-3C29A0F46957}.Release|Any CPU.ActiveCfg = Release|Any CPU
		{AD9505AF-AFA0-49AB-9643-3C29A0F46957}.Release|Any CPU.Build.0 = Release|Any CPU
	EndGlobalSection
	GlobalSection(SolutionProperties) = preSolution
		HideSolutionNode = FALSE
	EndGlobalSection
	GlobalSection(ExtensibilityGlobals) = postSolution
		SolutionGuid = {65423BCD-A48A-4233-9B6B-CF0562968F10}
	EndGlobalSection
EndGlobal
